
Microsoft Visual Studio Solution File, Format Version 12.00
# Visual Studio Version 16
VisualStudioVersion = 16.0.29920.165
MinimumVisualStudioVersion = 10.0.40219.1
Project("{FAE04EC0-301F-11D3-BF4B-00C04F79EFBC}") = "Visual", "Visual\Visual\Visual.csproj", "{AA6C729F-B685-4821-BE48-29E3975A702E}"
EndProject
Project("{9A19103F-16F7-4668-BE54-9A1E7A4F7556}") = "Facebook", "Facebook\Facebook.csproj", "{2DDD63CC-5A82-448B-9992-D9377DD25041}"
EndProject
Global
	GlobalSection(SolutionConfigurationPlatforms) = preSolution
		Debug|Any CPU = Debug|Any CPU
		Release|Any CPU = Release|Any CPU
	EndGlobalSection
	GlobalSection(ProjectConfigurationPlatforms) = postSolution
		{AA6C729F-B685-4821-BE48-29E3975A702E}.Debug|Any CPU.ActiveCfg = Debug|Any CPU
		{AA6C729F-B685-4821-BE48-29E3975A702E}.Debug|Any CPU.Build.0 = Debug|Any CPU
		{AA6C729F-B685-4821-BE48-29E3975A702E}.Release|Any CPU.ActiveCfg = Release|Any CPU
		{AA6C729F-B685-4821-BE48-29E3975A702E}.Release|Any CPU.Build.0 = Release|Any CPU
		{2DDD63CC-5A82-448B-9992-D9377DD25041}.Debug|Any CPU.ActiveCfg = Debug|Any CPU
		{2DDD63CC-5A82-448B-9992-D9377DD25041}.Debug|Any CPU.Build.0 = Debug|Any CPU
		{2DDD63CC-5A82-448B-9992-D9377DD25041}.Release|Any CPU.ActiveCfg = Release|Any CPU
		{2DDD63CC-5A82-448B-9992-D9377DD25041}.Release|Any CPU.Build.0 = Release|Any CPU
	EndGlobalSection
	GlobalSection(SolutionProperties) = preSolution
		HideSolutionNode = FALSE
	EndGlobalSection
	GlobalSection(ExtensibilityGlobals) = postSolution
		SolutionGuid = {FFDAC2FA-0FAB-48C2-B151-9CE7217869D2}
	EndGlobalSection
EndGlobal
