
Microsoft Visual Studio Solution File, Format Version 12.00
# Visual Studio Version 16
VisualStudioVersion = 16.0.29920.165
MinimumVisualStudioVersion = 10.0.40219.1
Project("{9A19103F-16F7-4668-BE54-9A1E7A4F7556}") = "Facebook", "Facebook\Facebook.csproj", "{A3E7713E-E16D-40EC-8E07-3CFF877487FF}"
EndProject
Project("{9A19103F-16F7-4668-BE54-9A1E7A4F7556}") = "GuessTheNumber", "GuessTheNumber\GuessTheNumber.csproj", "{5BA53460-D864-4433-92EF-DD70D6C94B96}"
EndProject
Project("{9A19103F-16F7-4668-BE54-9A1E7A4F7556}") = "UniqueNumbers", "UniqueNumbers\UniqueNumbers.csproj", "{C1C98395-FD76-46F3-9B0C-C2BAB9281377}"
EndProject
Global
	GlobalSection(SolutionConfigurationPlatforms) = preSolution
		Debug|Any CPU = Debug|Any CPU
		Release|Any CPU = Release|Any CPU
	EndGlobalSection
	GlobalSection(ProjectConfigurationPlatforms) = postSolution
		{A3E7713E-E16D-40EC-8E07-3CFF877487FF}.Debug|Any CPU.ActiveCfg = Debug|Any CPU
		{A3E7713E-E16D-40EC-8E07-3CFF877487FF}.Debug|Any CPU.Build.0 = Debug|Any CPU
		{A3E7713E-E16D-40EC-8E07-3CFF877487FF}.Release|Any CPU.ActiveCfg = Release|Any CPU
		{A3E7713E-E16D-40EC-8E07-3CFF877487FF}.Release|Any CPU.Build.0 = Release|Any CPU
		{5BA53460-D864-4433-92EF-DD70D6C94B96}.Debug|Any CPU.ActiveCfg = Debug|Any CPU
		{5BA53460-D864-4433-92EF-DD70D6C94B96}.Debug|Any CPU.Build.0 = Debug|Any CPU
		{5BA53460-D864-4433-92EF-DD70D6C94B96}.Release|Any CPU.ActiveCfg = Release|Any CPU
		{5BA53460-D864-4433-92EF-DD70D6C94B96}.Release|Any CPU.Build.0 = Release|Any CPU
		{C1C98395-FD76-46F3-9B0C-C2BAB9281377}.Debug|Any CPU.ActiveCfg = Debug|Any CPU
		{C1C98395-FD76-46F3-9B0C-C2BAB9281377}.Debug|Any CPU.Build.0 = Debug|Any CPU
		{C1C98395-FD76-46F3-9B0C-C2BAB9281377}.Release|Any CPU.ActiveCfg = Release|Any CPU
		{C1C98395-FD76-46F3-9B0C-C2BAB9281377}.Release|Any CPU.Build.0 = Release|Any CPU
	EndGlobalSection
	GlobalSection(SolutionProperties) = preSolution
		HideSolutionNode = FALSE
	EndGlobalSection
	GlobalSection(ExtensibilityGlobals) = postSolution
		SolutionGuid = {1C32792A-FB68-4B67-9C2F-F7EF903B5E4C}
	EndGlobalSection
EndGlobal
